{
  "name": "wager-ws",
  "lockfileVersion": 2,
  "requires": true,
  "packages": {
    "": {
      "name": "wager-ws",
      "dependencies": {
        "messenger": "^0.0.9",
        "ws": "^8.5.0"
      },
      "devDependencies": {
        "@types/messenger": "^1.4.29",
        "@types/node-ipc": "^9.2.0",
        "@types/ws": "^8.2.2"
      }
    },
    "node_modules/@types/messenger": {
      "version": "1.4.29",
      "resolved": "https://registry.npmjs.org/@types/messenger/-/messenger-1.4.29.tgz",
      "integrity": "sha512-3XJEcWOh9tCuxu8LgND3XWx9zTxHOMeQDJdcQPD5RDM+tl2c2dFA7+22VI9ov05LW8cD+I72gwZVEP/2nBcJHQ==",
      "dev": true
    },
    "node_modules/@types/node": {
      "version": "17.0.18",
      "resolved": "https://registry.npmjs.org/@types/node/-/node-17.0.18.tgz",
      "integrity": "sha512-eKj4f/BsN/qcculZiRSujogjvp5O/k4lOW5m35NopjZM/QwLOR075a8pJW5hD+Rtdm2DaCVPENS6KtSQnUD6BA==",
      "dev": true
    },
    "node_modules/@types/node-ipc": {
      "version": "9.2.0",
      "resolved": "https://registry.npmjs.org/@types/node-ipc/-/node-ipc-9.2.0.tgz",
      "integrity": "sha512-0v1oucUgINvWPhknecSBE5xkz74sVgeZgiL/LkWXNTSzFaGspEToA4oR56hjza0Jkk6DsS2EiNU3M2R2KQza9A==",
      "dev": true,
      "dependencies": {
        "@types/node": "*"
      }
    },
    "node_modules/@types/ws": {
      "version": "8.2.2",
      "resolved": "https://registry.npmjs.org/@types/ws/-/ws-8.2.2.tgz",
      "integrity": "sha512-NOn5eIcgWLOo6qW8AcuLZ7G8PycXu0xTxxkS6Q18VWFxgPUSOwV0pBj2a/4viNZVu25i7RIB7GttdkAIUUXOOg==",
      "dev": true,
      "dependencies": {
        "@types/node": "*"
      }
    },
    "node_modules/messenger": {
      "version": "0.0.9",
      "resolved": "https://registry.npmjs.org/messenger/-/messenger-0.0.9.tgz",
      "integrity": "sha1-WEMCswBzQAp6nsVJiLKu1Lb3pG4="
    },
    "node_modules/ws": {
      "version": "8.5.0",
      "resolved": "https://registry.npmjs.org/ws/-/ws-8.5.0.tgz",
      "integrity": "sha512-BWX0SWVgLPzYwF8lTzEy1egjhS4S4OEAHfsO8o65WOVsrnSRGaSiUaa9e0ggGlkMTtBlmOpEXiie9RUcBO86qg==",
      "engines": {
        "node": ">=10.0.0"
      },
      "peerDependencies": {
        "bufferutil": "^4.0.1",
        "utf-8-validate": "^5.0.2"
      },
      "peerDependenciesMeta": {
        "bufferutil": {
          "optional": true
        },
        "utf-8-validate": {
          "optional": true
        }
      }
    }
  },
  "dependencies": {
    "@types/messenger": {
      "version": "1.4.29",
      "resolved": "https://registry.npmjs.org/@types/messenger/-/messenger-1.4.29.tgz",
      "integrity": "sha512-3XJEcWOh9tCuxu8LgND3XWx9zTxHOMeQDJdcQPD5RDM+tl2c2dFA7+22VI9ov05LW8cD+I72gwZVEP/2nBcJHQ==",
      "dev": true
    },
    "@types/node": {
      "version": "17.0.18",
      "resolved": "https://registry.npmjs.org/@types/node/-/node-17.0.18.tgz",
      "integrity": "sha512-eKj4f/BsN/qcculZiRSujogjvp5O/k4lOW5m35NopjZM/QwLOR075a8pJW5hD+Rtdm2DaCVPENS6KtSQnUD6BA==",
      "dev": true
    },
    "@types/node-ipc": {
      "version": "9.2.0",
      "resolved": "https://registry.npmjs.org/@types/node-ipc/-/node-ipc-9.2.0.tgz",
      "integrity": "sha512-0v1oucUgINvWPhknecSBE5xkz74sVgeZgiL/LkWXNTSzFaGspEToA4oR56hjza0Jkk6DsS2EiNU3M2R2KQza9A==",
      "dev": true,
      "requires": {
        "@types/node": "*"
      }
    },
    "@types/ws": {
      "version": "8.2.2",
      "resolved": "https://registry.npmjs.org/@types/ws/-/ws-8.2.2.tgz",
      "integrity": "sha512-NOn5eIcgWLOo6qW8AcuLZ7G8PycXu0xTxxkS6Q18VWFxgPUSOwV0pBj2a/4viNZVu25i7RIB7GttdkAIUUXOOg==",
      "dev": true,
      "requires": {
        "@types/node": "*"
      }
    },
    "messenger": {
      "version": "0.0.9",
      "resolved": "https://registry.npmjs.org/messenger/-/messenger-0.0.9.tgz",
      "integrity": "sha1-WEMCswBzQAp6nsVJiLKu1Lb3pG4="
    },
    "ws": {
      "version": "8.5.0",
      "resolved": "https://registry.npmjs.org/ws/-/ws-8.5.0.tgz",
      "integrity": "sha512-BWX0SWVgLPzYwF8lTzEy1egjhS4S4OEAHfsO8o65WOVsrnSRGaSiUaa9e0ggGlkMTtBlmOpEXiie9RUcBO86qg==",
      "requires": {}
    }
  }
}
